
Microsoft Visual Studio Solution File, Format Version 12.00
# Visual Studio 15
VisualStudioVersion = 15.0.28010.2046
MinimumVisualStudioVersion = 10.0.40219.1
Project("{FAE04EC0-301F-11D3-BF4B-00C04F79EFBC}") = "dotNetApi", "dotNetApi\dotNetApi.csproj", "{1AD128E3-D46C-4F7E-A8F6-FD6535AE4A82}"
EndProject
Global
	GlobalSection(SolutionConfigurationPlatforms) = preSolution
		Debug|Any CPU = Debug|Any CPU
		Release|Any CPU = Release|Any CPU
	EndGlobalSection
	GlobalSection(ProjectConfigurationPlatforms) = postSolution
		{1AD128E3-D46C-4F7E-A8F6-FD6535AE4A82}.Debug|Any CPU.ActiveCfg = Debug|Any CPU
		{1AD128E3-D46C-4F7E-A8F6-FD6535AE4A82}.Debug|Any CPU.Build.0 = Debug|Any CPU
		{1AD128E3-D46C-4F7E-A8F6-FD6535AE4A82}.Release|Any CPU.ActiveCfg = Release|Any CPU
		{1AD128E3-D46C-4F7E-A8F6-FD6535AE4A82}.Release|Any CPU.Build.0 = Release|Any CPU
	EndGlobalSection
	GlobalSection(SolutionProperties) = preSolution
		HideSolutionNode = FALSE
	EndGlobalSection
	GlobalSection(ExtensibilityGlobals) = postSolution
		SolutionGuid = {A728E11E-A2EE-41E1-8AC6-0DFEA449A316}
	EndGlobalSection
EndGlobal
